
Microsoft Visual Studio Solution File, Format Version 12.00
# Visual Studio Version 16
VisualStudioVersion = 16.0.30804.86
MinimumVisualStudioVersion = 10.0.40219.1
Project("{9A19103F-16F7-4668-BE54-9A1E7A4F7556}") = "OPTools", "OPTools.csproj", "{827F88B7-045B-437D-90CD-7200B0D22E71}"
EndProject
Global
	GlobalSection(SolutionConfigurationPlatforms) = preSolution
		Debug|Any CPU = Debug|Any CPU
		Debug|x64 = Debug|x64
		Release|Any CPU = Release|Any CPU
		Release|x64 = Release|x64
	EndGlobalSection
	GlobalSection(ProjectConfigurationPlatforms) = postSolution
		{827F88B7-045B-437D-90CD-7200B0D22E71}.Debug|Any CPU.ActiveCfg = Debug|Any CPU
		{827F88B7-045B-437D-90CD-7200B0D22E71}.Debug|Any CPU.Build.0 = Debug|Any CPU
		{827F88B7-045B-437D-90CD-7200B0D22E71}.Debug|x64.ActiveCfg = Debug|x64
		{827F88B7-045B-437D-90CD-7200B0D22E71}.Debug|x64.Build.0 = Debug|x64
		{827F88B7-045B-437D-90CD-7200B0D22E71}.Release|Any CPU.ActiveCfg = Debug|Any CPU
		{827F88B7-045B-437D-90CD-7200B0D22E71}.Release|Any CPU.Build.0 = Debug|Any CPU
		{827F88B7-045B-437D-90CD-7200B0D22E71}.Release|x64.ActiveCfg = Debug|Any CPU
		{827F88B7-045B-437D-90CD-7200B0D22E71}.Release|x64.Build.0 = Debug|Any CPU
	EndGlobalSection
	GlobalSection(SolutionProperties) = preSolution
		HideSolutionNode = FALSE
	EndGlobalSection
	GlobalSection(ExtensibilityGlobals) = postSolution
		SolutionGuid = {AE27F702-E37A-4976-BD40-190177226994}
	EndGlobalSection
EndGlobal
